{
  "name": "@bit/wurielle.pristine.webpack.dss-plugin",
  "version": "0.0.8",
  "lockfileVersion": 1,
  "requires": true,
  "dependencies": {
    "@bit/wurielle.pristine.dsswg.dss": {
      "version": "0.0.1",
      "resolved": "https://node.bitsrc.io/wurielle.pristine.dsswg.dss/-/wurielle.pristine.dsswg.dss-0.0.1.tgz",
      "integrity": "sha1-hV84AAE8Cdhzo1bR+iwuUNDq+8I="
    },
    "graceful-fs": {
      "version": "4.1.15",
      "resolved": "https://registry.npmjs.org/graceful-fs/-/graceful-fs-4.1.15.tgz",
      "integrity": "sha512-6uHUhOPEBgQ24HM+r6b/QwWfZq+yiFcipKFrOFiBEnWdy5sdzYoi+pJeQaPI5qOLRFqWmAXUPQNsielzdLoecA=="
    },
    "inspect-with-kind": {
      "version": "1.0.5",
      "resolved": "https://registry.npmjs.org/inspect-with-kind/-/inspect-with-kind-1.0.5.tgz",
      "integrity": "sha512-MAQUJuIo7Xqk8EVNP+6d3CKq9c80hi4tjIbIAT6lmGW9W6WzlHiu9PS8uSuUYU+Do+j1baiFp3H25XEVxDIG2g==",
      "requires": {
        "kind-of": "^6.0.2"
      }
    },
    "kind-of": {
      "version": "6.0.2",
      "resolved": "https://registry.npmjs.org/kind-of/-/kind-of-6.0.2.tgz",
      "integrity": "sha512-s5kLOcnH0XqDO+FvuaLX8DDjZ18CGFk7VygH40QoKPUQhW4e2rvM0rwUq0t8IQDOwYSeLK01U90OjzBTme2QqA=="
    },
    "read-multiple-files": {
      "version": "2.0.0",
      "resolved": "https://registry.npmjs.org/read-multiple-files/-/read-multiple-files-2.0.0.tgz",
      "integrity": "sha512-Yc0G8EoX3Ad51qVM3O8Sg0a45+2xYS/F2jwWPanVQytdL8PCnYXJNj+GxEWYg5LaV829sX5BqD9bG3NQ6K254Q==",
      "requires": {
        "graceful-fs": "^4.1.11",
        "inspect-with-kind": "^1.0.4",
        "zen-observable": "^0.6.0"
      }
    },
    "zen-observable": {
      "version": "0.6.1",
      "resolved": "https://registry.npmjs.org/zen-observable/-/zen-observable-0.6.1.tgz",
      "integrity": "sha512-DKjFTL7siVLIUMZOFZ0alqMEdTsXPUxoCZzrvB2tdWEVN/6606Qh1nCfSTCAOZMrtcPzzFI3BXmwBKLAew52NA=="
    }
  }
}
