{
  "name": "@bit/wurielle.pristine.vue-components.dss-styleguide",
  "version": "0.0.10",
  "lockfileVersion": 1,
  "requires": true,
  "dependencies": {
    "codemirror": {
      "version": "5.40.2",
      "resolved": "https://registry.npmjs.org/codemirror/-/codemirror-5.40.2.tgz",
      "integrity": "sha512-yoWuvEiD3v5vTwdoMc/wu/Ld6dh9K/yEiEBTKOPGM+/pN0gTAqFNtrLHv1IJ1UJvzFpNRvMi92XCi3+8/iIaEw=="
    },
    "diff-match-patch": {
      "version": "1.0.4",
      "resolved": "https://registry.npmjs.org/diff-match-patch/-/diff-match-patch-1.0.4.tgz",
      "integrity": "sha512-Uv3SW8bmH9nAtHKaKSanOQmj2DnlH65fUpcrMdfdaOxUG02QQ4YGZ8AE7kKOMisF7UqvOlGKVYWRvezdncW9lg=="
    },
    "lodash": {
      "version": "4.17.13",
      "resolved": "https://registry.npmjs.org/lodash/-/lodash-4.17.13.tgz",
      "integrity": "sha512-vm3/XWXfWtRua0FkUyEHBZy8kCPjErNBT9fJx8Zvs+U6zjqPbTUOpkaoum3O5uiA8sm+yNMHXfYkTUHFoMxFNA=="
    },
    "vue-class-component": {
      "version": "6.3.2",
      "resolved": "https://registry.npmjs.org/vue-class-component/-/vue-class-component-6.3.2.tgz",
      "integrity": "sha512-cH208IoM+jgZyEf/g7mnFyofwPDJTM/QvBNhYMjqGB8fCsRyTf68rH2ISw/G20tJv+5mIThQ3upKwoL4jLTr1A=="
    },
    "vue-codemirror": {
      "version": "4.0.6",
      "resolved": "https://registry.npmjs.org/vue-codemirror/-/vue-codemirror-4.0.6.tgz",
      "integrity": "sha512-ilU7Uf0mqBNSSV3KT7FNEeRIxH4s1fmpG4TfHlzvXn0QiQAbkXS9lLfwuZpaBVEnpP5CSE62iGJjoliTuA8poQ==",
      "requires": {
        "codemirror": "^5.41.0",
        "diff-match-patch": "^1.0.0"
      },
      "dependencies": {
        "codemirror": {
          "version": "5.42.0",
          "resolved": "https://registry.npmjs.org/codemirror/-/codemirror-5.42.0.tgz",
          "integrity": "sha512-pbApC8zDzItP3HRphD6kQVwS976qB5Qi0hU3MZMixLk+AyugOW1RF+8XJEjeyl5yWsHNe88tDUxzeRh5AOxPRw=="
        }
      }
    },
    "vue-notification": {
      "version": "1.3.13",
      "resolved": "https://registry.npmjs.org/vue-notification/-/vue-notification-1.3.13.tgz",
      "integrity": "sha512-GBCpsd+usRF2EhLWl2/rzNWErYnlo+HoKV7G0LL6c/Iy2eo2ikpwVXlDAUepOQaeq0hJoDu0oyUfhKBRL1AosA=="
    },
    "vue-property-decorator": {
      "version": "7.2.0",
      "resolved": "https://registry.npmjs.org/vue-property-decorator/-/vue-property-decorator-7.2.0.tgz",
      "integrity": "sha512-sCI6NVM3tEDg+mpZrQlgkddtxd9LbFWetue8D+nqO3agfSLz0KoC/UIi2P1l5E0TDhcUeIXS9rasuP2HWg+L4w==",
      "requires": {
        "vue-class-component": "^6.2.0"
      }
    }
  }
}
